// !$*UTF8*$!
{
	archiveVersion = 1;
	classes = {
	};
	objectVersion = 56;
	objects = {

/* Begin PBXBuildFile section */
		08B3F0B029483A6E008DBDCE /* testingApp.swift in Sources */ = {isa = PBXBuildFile; fileRef = 08B3F0AF29483A6E008DBDCE /* testingApp.swift */; };
		08B3F0B229483A6E008DBDCE /* ContentView.swift in Sources */ = {isa = PBXBuildFile; fileRef = 08B3F0B129483A6E008DBDCE /* ContentView.swift */; };
		08B3F0B429483A71008DBDCE /* Assets.xcassets in Resources */ = {isa = PBXBuildFile; fileRef = 08B3F0B329483A71008DBDCE /* Assets.xcassets */; };
		08B3F0B829483A71008DBDCE /* Preview Assets.xcassets in Resources */ = {isa = PBXBuildFile; fileRef = 08B3F0B729483A71008DBDCE /* Preview Assets.xcassets */; };
		08B3F0C229483A71008DBDCE /* testingTests.swift in Sources */ = {isa = PBXBuildFile; fileRef = 08B3F0C129483A71008DBDCE /* testingTests.swift */; };
		08B3F0CC29483A71008DBDCE /* testingUITests.swift in Sources */ = {isa = PBXBuildFile; fileRef = 08B3F0CB29483A71008DBDCE /* testingUITests.swift */; };
		08B3F0CE29483A71008DBDCE /* testingUITestsLaunchTests.swift in Sources */ = {isa = PBXBuildFile; fileRef = 08B3F0CD29483A71008DBDCE /* testingUITestsLaunchTests.swift */; };
/* End PBXBuildFile section */

/* Begin PBXContainerItemProxy section */
		08B3F0BE29483A71008DBDCE /* PBXContainerItemProxy */ = {
			isa = PBXContainerItemProxy;
			containerPortal = 08B3F0A429483A6E008DBDCE /* Project object */;
			proxyType = 1;
			remoteGlobalIDString = 08B3F0AB29483A6E008DBDCE;
			remoteInfo = testing;
		};
		08B3F0C829483A71008DBDCE /* PBXContainerItemProxy */ = {
			isa = PBXContainerItemProxy;
			containerPortal = 08B3F0A429483A6E008DBDCE /* Project object */;
			proxyType = 1;
			remoteGlobalIDString = 08B3F0AB29483A6E008DBDCE;
			remoteInfo = testing;
		};
/* End PBXContainerItemProxy section */

/* Begin PBXFileReference section */
		08B3F0AC29483A6E008DBDCE /* testing.app */ = {isa = PBXFileReference; explicitFileType = wrapper.application; includeInIndex = 0; path = testing.app; sourceTree = BUILT_PRODUCTS_DIR; };
		08B3F0AF29483A6E008DBDCE /* testingApp.swift */ = {isa = PBXFileReference; lastKnownFileType = sourcecode.swift; path = testingApp.swift; sourceTree = "<group>"; };
		08B3F0B129483A6E008DBDCE /* ContentView.swift */ = {isa = PBXFileReference; lastKnownFileType = sourcecode.swift; path = ContentView.swift; sourceTree = "<group>"; };
		08B3F0B329483A71008DBDCE /* Assets.xcassets */ = {isa = PBXFileReference; lastKnownFileType = folder.assetcatalog; path = Assets.xcassets; sourceTree = "<group>"; };
		08B3F0B529483A71008DBDCE /* testing.entitlements */ = {isa = PBXFileReference; lastKnownFileType = text.plist.entitlements; path = testing.entitlements; sourceTree = "<group>"; };
		08B3F0B729483A71008DBDCE /* Preview Assets.xcassets */ = {isa = PBXFileReference; lastKnownFileType = folder.assetcatalog; path = "Preview Assets.xcassets"; sourceTree = "<group>"; };
		08B3F0BD29483A71008DBDCE /* testingTests.xctest */ = {isa = PBXFileReference; explicitFileType = wrapper.cfbundle; includeInIndex = 0; path = testingTests.xctest; sourceTree = BUILT_PRODUCTS_DIR; };
		08B3F0C129483A71008DBDCE /* testingTests.swift */ = {isa = PBXFileReference; lastKnownFileType = sourcecode.swift; path = testingTests.swift; sourceTree = "<group>"; };
		08B3F0C729483A71008DBDCE /* testingUITests.xctest */ = {isa = PBXFileReference; explicitFileType = wrapper.cfbundle; includeInIndex = 0; path = testingUITests.xctest; sourceTree = BUILT_PRODUCTS_DIR; };
		08B3F0CB29483A71008DBDCE /* testingUITests.swift */ = {isa = PBXFileReference; lastKnownFileType = sourcecode.swift; path = testingUITests.swift; sourceTree = "<group>"; };
		08B3F0CD29483A71008DBDCE /* testingUITestsLaunchTests.swift */ = {isa = PBXFileReference; lastKnownFileType = sourcecode.swift; path = testingUITestsLaunchTests.swift; sourceTree = "<group>"; };
/* End PBXFileReference section */

/* Begin PBXFrameworksBuildPhase section */
		08B3F0A929483A6E008DBDCE /* Frameworks */ = {
			isa = PBXFrameworksBuildPhase;
			buildActionMask = 2147483647;
			files = (
			);
			runOnlyForDeploymentPostprocessing = 0;
		};
		08B3F0BA29483A71008DBDCE /* Frameworks */ = {
			isa = PBXFrameworksBuildPhase;
			buildActionMask = 2147483647;
			files = (
			);
			runOnlyForDeploymentPostprocessing = 0;
		};
		08B3F0C429483A71008DBDCE /* Frameworks */ = {
			isa = PBXFrameworksBuildPhase;
			buildActionMask = 2147483647;
			files = (
			);
			runOnlyForDeploymentPostprocessing = 0;
		};
/* End PBXFrameworksBuildPhase section */

/* Begin PBXGroup section */
		08B3F0A329483A6E008DBDCE = {
			isa = PBXGroup;
			children = (
				08B3F0AE29483A6E008DBDCE /* testing */,
				08B3F0C029483A71008DBDCE /* testingTests */,
				08B3F0CA29483A71008DBDCE /* testingUITests */,
				08B3F0AD29483A6E008DBDCE /* Products */,
			);
			sourceTree = "<group>";
		};
		08B3F0AD29483A6E008DBDCE /* Products */ = {
			isa = PBXGroup;
			children = (
				08B3F0AC29483A6E008DBDCE /* testing.app */,
				08B3F0BD29483A71008DBDCE /* testingTests.xctest */,
				08B3F0C729483A71008DBDCE /* testingUITests.xctest */,
			);
			name = Products;
			sourceTree = "<group>";
		};
		08B3F0AE29483A6E008DBDCE /* testing */ = {
			isa = PBXGroup;
			children = (
				08B3F0AF29483A6E008DBDCE /* testingApp.swift */,
				08B3F0B129483A6E008DBDCE /* ContentView.swift */,
				08B3F0B329483A71008DBDCE /* Assets.xcassets */,
				08B3F0B529483A71008DBDCE /* testing.entitlements */,
				08B3F0B629483A71008DBDCE /* Preview Content */,
			);
			path = testing;
			sourceTree = "<group>";
		};
		08B3F0B629483A71008DBDCE /* Preview Content */ = {
			isa = PBXGroup;
			children = (
				08B3F0B729483A71008DBDCE /* Preview Assets.xcassets */,
			);
			path = "Preview Content";
			sourceTree = "<group>";
		};
		08B3F0C029483A71008DBDCE /* testingTests */ = {
			isa = PBXGroup;
			children = (
				08B3F0C129483A71008DBDCE /* testingTests.swift */,
			);
			path = testingTests;
			sourceTree = "<group>";
		};
		08B3F0CA29483A71008DBDCE /* testingUITests */ = {
			isa = PBXGroup;
			children = (
				08B3F0CB29483A71008DBDCE /* testingUITests.swift */,
				08B3F0CD29483A71008DBDCE /* testingUITestsLaunchTests.swift */,
			);
			path = testingUITests;
			sourceTree = "<group>";
		};
/* End PBXGroup section */

/* Begin PBXNativeTarget section */
		08B3F0AB29483A6E008DBDCE /* testing */ = {
			isa = PBXNativeTarget;
			buildConfigurationList = 08B3F0D129483A71008DBDCE /* Build configuration list for PBXNativeTarget "testing" */;
			buildPhases = (
				08B3F0A829483A6E008DBDCE /* Sources */,
				08B3F0A929483A6E008DBDCE /* Frameworks */,
				08B3F0AA29483A6E008DBDCE /* Resources */,
			);
			buildRules = (
			);
			dependencies = (
			);
			name = testing;
			productName = testing;
			productReference = 08B3F0AC29483A6E008DBDCE /* testing.app */;
			productType = "com.apple.product-type.application";
		};
		08B3F0BC29483A71008DBDCE /* testingTests */ = {
			isa = PBXNativeTarget;
			buildConfigurationList = 08B3F0D429483A71008DBDCE /* Build configuration list for PBXNativeTarget "testingTests" */;
			buildPhases = (
				08B3F0B929483A71008DBDCE /* Sources */,
				08B3F0BA29483A71008DBDCE /* Frameworks */,
				08B3F0BB29483A71008DBDCE /* Resources */,
			);
			buildRules = (
			);
			dependencies = (
				08B3F0BF29483A71008DBDCE /* PBXTargetDependency */,
			);
			name = testingTests;
			productName = testingTests;
			productReference = 08B3F0BD29483A71008DBDCE /* testingTests.xctest */;
			productType = "com.apple.product-type.bundle.unit-test";
		};
		08B3F0C629483A71008DBDCE /* testingUITests */ = {
			isa = PBXNativeTarget;
			buildConfigurationList = 08B3F0D729483A71008DBDCE /* Build configuration list for PBXNativeTarget "testingUITests" */;
			buildPhases = (
				08B3F0C329483A71008DBDCE /* Sources */,
				08B3F0C429483A71008DBDCE /* Frameworks */,
				08B3F0C529483A71008DBDCE /* Resources */,
			);
			buildRules = (
			);
			dependencies = (
				08B3F0C929483A71008DBDCE /* PBXTargetDependency */,
			);
			name = testingUITests;
			productName = testingUITests;
			productReference = 08B3F0C729483A71008DBDCE /* testingUITests.xctest */;
			productType = "com.apple.product-type.bundle.ui-testing";
		};
/* End PBXNativeTarget section */

/* Begin PBXProject section */
		08B3F0A429483A6E008DBDCE /* Project object */ = {
			isa = PBXProject;
			attributes = {
				BuildIndependentTargetsInParallel = 1;
				LastSwiftUpdateCheck = 1420;
				LastUpgradeCheck = 1420;
				TargetAttributes = {
					08B3F0AB29483A6E008DBDCE = {
						CreatedOnToolsVersion = 14.2;
					};
					08B3F0BC29483A71008DBDCE = {
						CreatedOnToolsVersion = 14.2;
						TestTargetID = 08B3F0AB29483A6E008DBDCE;
					};
					08B3F0C629483A71008DBDCE = {
						CreatedOnToolsVersion = 14.2;
						TestTargetID = 08B3F0AB29483A6E008DBDCE;
					};
				};
			};
			buildConfigurationList = 08B3F0A729483A6E008DBDCE /* Build configuration list for PBXProject "testing" */;
			compatibilityVersion = "Xcode 14.0";
			developmentRegion = en;
			hasScannedForEncodings = 0;
			knownRegions = (
				en,
				Base,
			);
			mainGroup = 08B3F0A329483A6E008DBDCE;
			productRefGroup = 08B3F0AD29483A6E008DBDCE /* Products */;
			projectDirPath = "";
			projectRoot = "";
			targets = (
				08B3F0AB29483A6E008DBDCE /* testing */,
				08B3F0BC29483A71008DBDCE /* testingTests */,
				08B3F0C629483A71008DBDCE /* testingUITests */,
			);
		};
/* End PBXProject section */

/* Begin PBXResourcesBuildPhase section */
		08B3F0AA29483A6E008DBDCE /* Resources */ = {
			isa = PBXResourcesBuildPhase;
			buildActionMask = 2147483647;
			files = (
				08B3F0B829483A71008DBDCE /* Preview Assets.xcassets in Resources */,
				08B3F0B429483A71008DBDCE /* Assets.xcassets in Resources */,
			);
			runOnlyForDeploymentPostprocessing = 0;
		};
		08B3F0BB29483A71008DBDCE /* Resources */ = {
			isa = PBXResourcesBuildPhase;
			buildActionMask = 2147483647;
			files = (
			);
			runOnlyForDeploymentPostprocessing = 0;
		};
		08B3F0C529483A71008DBDCE /* Resources */ = {
			isa = PBXResourcesBuildPhase;
			buildActionMask = 2147483647;
			files = (
			);
			runOnlyForDeploymentPostprocessing = 0;
		};
/* End PBXResourcesBuildPhase section */

/* Begin PBXSourcesBuildPhase section */
		08B3F0A829483A6E008DBDCE /* Sources */ = {
			isa = PBXSourcesBuildPhase;
			buildActionMask = 2147483647;
			files = (
				08B3F0B229483A6E008DBDCE /* ContentView.swift in Sources */,
				08B3F0B029483A6E008DBDCE /* testingApp.swift in Sources */,
			);
			runOnlyForDeploymentPostprocessing = 0;
		};
		08B3F0B929483A71008DBDCE /* Sources */ = {
			isa = PBXSourcesBuildPhase;
			buildActionMask = 2147483647;
			files = (
				08B3F0C229483A71008DBDCE /* testingTests.swift in Sources */,
			);
			runOnlyForDeploymentPostprocessing = 0;
		};
		08B3F0C329483A71008DBDCE /* Sources */ = {
			isa = PBXSourcesBuildPhase;
			buildActionMask = 2147483647;
			files = (
				08B3F0CC29483A71008DBDCE /* testingUITests.swift in Sources */,
				08B3F0CE29483A71008DBDCE /* testingUITestsLaunchTests.swift in Sources */,
			);
			runOnlyForDeploymentPostprocessing = 0;
		};
/* End PBXSourcesBuildPhase section */

/* Begin PBXTargetDependency section */
		08B3F0BF29483A71008DBDCE /* PBXTargetDependency */ = {
			isa = PBXTargetDependency;
			target = 08B3F0AB29483A6E008DBDCE /* testing */;
			targetProxy = 08B3F0BE29483A71008DBDCE /* PBXContainerItemProxy */;
		};
		08B3F0C929483A71008DBDCE /* PBXTargetDependency */ = {
			isa = PBXTargetDependency;
			target = 08B3F0AB29483A6E008DBDCE /* testing */;
			targetProxy = 08B3F0C829483A71008DBDCE /* PBXContainerItemProxy */;
		};
/* End PBXTargetDependency section */

/* Begin XCBuildConfiguration section */
		08B3F0CF29483A71008DBDCE /* Debug */ = {
			isa = XCBuildConfiguration;
			buildSettings = {
				ALWAYS_SEARCH_USER_PATHS = NO;
				CLANG_ANALYZER_NONNULL = YES;
				CLANG_ANALYZER_NUMBER_OBJECT_CONVERSION = YES_AGGRESSIVE;
				CLANG_CXX_LANGUAGE_STANDARD = "gnu++20";
				CLANG_ENABLE_MODULES = YES;
				CLANG_ENABLE_OBJC_ARC = YES;
				CLANG_ENABLE_OBJC_WEAK = YES;
				CLANG_WARN_BLOCK_CAPTURE_AUTORELEASING = YES;
				CLANG_WARN_BOOL_CONVERSION = YES;
				CLANG_WARN_COMMA = YES;
				CLANG_WARN_CONSTANT_CONVERSION = YES;
				CLANG_WARN_DEPRECATED_OBJC_IMPLEMENTATIONS = YES;
				CLANG_WARN_DIRECT_OBJC_ISA_USAGE = YES_ERROR;
				CLANG_WARN_DOCUMENTATION_COMMENTS = YES;
				CLANG_WARN_EMPTY_BODY = YES;
				CLANG_WARN_ENUM_CONVERSION = YES;
				CLANG_WARN_INFINITE_RECURSION = YES;
				CLANG_WARN_INT_CONVERSION = YES;
				CLANG_WARN_NON_LITERAL_NULL_CONVERSION = YES;
				CLANG_WARN_OBJC_IMPLICIT_RETAIN_SELF = YES;
				CLANG_WARN_OBJC_LITERAL_CONVERSION = YES;
				CLANG_WARN_OBJC_ROOT_CLASS = YES_ERROR;
				CLANG_WARN_QUOTED_INCLUDE_IN_FRAMEWORK_HEADER = YES;
				CLANG_WARN_RANGE_LOOP_ANALYSIS = YES;
				CLANG_WARN_STRICT_PROTOTYPES = YES;
				CLANG_WARN_SUSPICIOUS_MOVE = YES;
				CLANG_WARN_UNGUARDED_AVAILABILITY = YES_AGGRESSIVE;
				CLANG_WARN_UNREACHABLE_CODE = YES;
				CLANG_WARN__DUPLICATE_METHOD_MATCH = YES;
				COPY_PHASE_STRIP = NO;
				DEBUG_INFORMATION_FORMAT = dwarf;
				ENABLE_STRICT_OBJC_MSGSEND = YES;
				ENABLE_TESTABILITY = YES;
				GCC_C_LANGUAGE_STANDARD = gnu11;
				GCC_DYNAMIC_NO_PIC = NO;
				GCC_NO_COMMON_BLOCKS = YES;
				GCC_OPTIMIZATION_LEVEL = 0;
				GCC_PREPROCESSOR_DEFINITIONS = (
					"DEBUG=1",
					"$(inherited)",
				);
				GCC_WARN_64_TO_32_BIT_CONVERSION = YES;
				GCC_WARN_ABOUT_RETURN_TYPE = YES_ERROR;
				GCC_WARN_UNDECLARED_SELECTOR = YES;
				GCC_WARN_UNINITIALIZED_AUTOS = YES_AGGRESSIVE;
				GCC_WARN_UNUSED_FUNCTION = YES;
				GCC_WARN_UNUSED_VARIABLE = YES;
				MTL_ENABLE_DEBUG_INFO = INCLUDE_SOURCE;
				MTL_FAST_MATH = YES;
				ONLY_ACTIVE_ARCH = YES;
				SWIFT_ACTIVE_COMPILATION_CONDITIONS = DEBUG;
				SWIFT_OPTIMIZATION_LEVEL = "-Onone";
			};
			name = Debug;
		};
		08B3F0D029483A71008DBDCE /* Release */ = {
			isa = XCBuildConfiguration;
			buildSettings = {
				ALWAYS_SEARCH_USER_PATHS = NO;
				CLANG_ANALYZER_NONNULL = YES;
				CLANG_ANALYZER_NUMBER_OBJECT_CONVERSION = YES_AGGRESSIVE;
				CLANG_CXX_LANGUAGE_STANDARD = "gnu++20";
				CLANG_ENABLE_MODULES = YES;
				CLANG_ENABLE_OBJC_ARC = YES;
				CLANG_ENABLE_OBJC_WEAK = YES;
				CLANG_WARN_BLOCK_CAPTURE_AUTORELEASING = YES;
				CLANG_WARN_BOOL_CONVERSION = YES;
				CLANG_WARN_COMMA = YES;
				CLANG_WARN_CONSTANT_CONVERSION = YES;
				CLANG_WARN_DEPRECATED_OBJC_IMPLEMENTATIONS = YES;
				CLANG_WARN_DIRECT_OBJC_ISA_USAGE = YES_ERROR;
				CLANG_WARN_DOCUMENTATION_COMMENTS = YES;
				CLANG_WARN_EMPTY_BODY = YES;
				CLANG_WARN_ENUM_CONVERSION = YES;
				CLANG_WARN_INFINITE_RECURSION = YES;
				CLANG_WARN_INT_CONVERSION = YES;
				CLANG_WARN_NON_LITERAL_NULL_CONVERSION = YES;
				CLANG_WARN_OBJC_IMPLICIT_RETAIN_SELF = YES;
				CLANG_WARN_OBJC_LITERAL_CONVERSION = YES;
				CLANG_WARN_OBJC_ROOT_CLASS = YES_ERROR;
				CLANG_WARN_QUOTED_INCLUDE_IN_FRAMEWORK_HEADER = YES;
				CLANG_WARN_RANGE_LOOP_ANALYSIS = YES;
				CLANG_WARN_STRICT_PROTOTYPES = YES;
				CLANG_WARN_SUSPICIOUS_MOVE = YES;
				CLANG_WARN_UNGUARDED_AVAILABILITY = YES_AGGRESSIVE;
				CLANG_WARN_UNREACHABLE_CODE = YES;
				CLANG_WARN__DUPLICATE_METHOD_MATCH = YES;
				COPY_PHASE_STRIP = NO;
				DEBUG_INFORMATION_FORMAT = "dwarf-with-dsym";
				ENABLE_NS_ASSERTIONS = NO;
				ENABLE_STRICT_OBJC_MSGSEND = YES;
				GCC_C_LANGUAGE_STANDARD = gnu11;
				GCC_NO_COMMON_BLOCKS = YES;
				GCC_WARN_64_TO_32_BIT_CONVERSION = YES;
				GCC_WARN_ABOUT_RETURN_TYPE = YES_ERROR;
				GCC_WARN_UNDECLARED_SELECTOR = YES;
				GCC_WARN_UNINITIALIZED_AUTOS = YES_AGGRESSIVE;
				GCC_WARN_UNUSED_FUNCTION = YES;
				GCC_WARN_UNUSED_VARIABLE = YES;
				MTL_ENABLE_DEBUG_INFO = NO;
				MTL_FAST_MATH = YES;
				SWIFT_COMPILATION_MODE = wholemodule;
				SWIFT_OPTIMIZATION_LEVEL = "-O";
			};
			name = Release;
		};
		08B3F0D229483A71008DBDCE /* Debug */ = {
			isa = XCBuildConfiguration;
			buildSettings = {
				ASSETCATALOG_COMPILER_APPICON_NAME = AppIcon;
				ASSETCATALOG_COMPILER_GLOBAL_ACCENT_COLOR_NAME = AccentColor;
				CODE_SIGN_ENTITLEMENTS = testing/testing.entitlements;
				CODE_SIGN_STYLE = Automatic;
				CURRENT_PROJECT_VERSION = 1;
				DEVELOPMENT_ASSET_PATHS = "\"testing/Preview Content\"";
				ENABLE_PREVIEWS = YES;
				GENERATE_INFOPLIST_FILE = YES;
				"INFOPLIST_KEY_UIApplicationSceneManifest_Generation[sdk=iphoneos*]" = YES;
				"INFOPLIST_KEY_UIApplicationSceneManifest_Generation[sdk=iphonesimulator*]" = YES;
				"INFOPLIST_KEY_UIApplicationSupportsIndirectInputEvents[sdk=iphoneos*]" = YES;
				"INFOPLIST_KEY_UIApplicationSupportsIndirectInputEvents[sdk=iphonesimulator*]" = YES;
				"INFOPLIST_KEY_UILaunchScreen_Generation[sdk=iphoneos*]" = YES;
				"INFOPLIST_KEY_UILaunchScreen_Generation[sdk=iphonesimulator*]" = YES;
				"INFOPLIST_KEY_UIStatusBarStyle[sdk=iphoneos*]" = UIStatusBarStyleDefault;
				"INFOPLIST_KEY_UIStatusBarStyle[sdk=iphonesimulator*]" = UIStatusBarStyleDefault;
				INFOPLIST_KEY_UISupportedInterfaceOrientations_iPad = "UIInterfaceOrientationPortrait UIInterfaceOrientationPortraitUpsideDown UIInterfaceOrientationLandscapeLeft UIInterfaceOrientationLandscapeRight";
				INFOPLIST_KEY_UISupportedInterfaceOrientations_iPhone = "UIInterfaceOrientationPortrait UIInterfaceOrientationLandscapeLeft UIInterfaceOrientationLandscapeRight";
				IPHONEOS_DEPLOYMENT_TARGET = 16.2;
				LD_RUNPATH_SEARCH_PATHS = "@executable_path/Frameworks";
				"LD_RUNPATH_SEARCH_PATHS[sdk=macosx*]" = "@executable_path/../Frameworks";
				MACOSX_DEPLOYMENT_TARGET = 13.1;
				MARKETING_VERSION = 1.0;
				PRODUCT_BUNDLE_IDENTIFIER = "jj-hobbs.testing";
				PRODUCT_NAME = "$(TARGET_NAME)";
				SDKROOT = auto;
				SUPPORTED_PLATFORMS = "iphoneos iphonesimulator macosx";
				SWIFT_EMIT_LOC_STRINGS = YES;
				SWIFT_VERSION = 5.0;
				TARGETED_DEVICE_FAMILY = "1,2";
			};
			name = Debug;
		};
		08B3F0D329483A71008DBDCE /* Release */ = {
			isa = XCBuildConfiguration;
			buildSettings = {
				ASSETCATALOG_COMPILER_APPICON_NAME = AppIcon;
				ASSETCATALOG_COMPILER_GLOBAL_ACCENT_COLOR_NAME = AccentColor;
				CODE_SIGN_ENTITLEMENTS = testing/testing.entitlements;
				CODE_SIGN_STYLE = Automatic;
				CURRENT_PROJECT_VERSION = 1;
				DEVELOPMENT_ASSET_PATHS = "\"testing/Preview Content\"";
				ENABLE_PREVIEWS = YES;
				GENERATE_INFOPLIST_FILE = YES;
				"INFOPLIST_KEY_UIApplicationSceneManifest_Generation[sdk=iphoneos*]" = YES;
				"INFOPLIST_KEY_UIApplicationSceneManifest_Generation[sdk=iphonesimulator*]" = YES;
				"INFOPLIST_KEY_UIApplicationSupportsIndirectInputEvents[sdk=iphoneos*]" = YES;
				"INFOPLIST_KEY_UIApplicationSupportsIndirectInputEvents[sdk=iphonesimulator*]" = YES;
				"INFOPLIST_KEY_UILaunchScreen_Generation[sdk=iphoneos*]" = YES;
				"INFOPLIST_KEY_UILaunchScreen_Generation[sdk=iphonesimulator*]" = YES;
				"INFOPLIST_KEY_UIStatusBarStyle[sdk=iphoneos*]" = UIStatusBarStyleDefault;
				"INFOPLIST_KEY_UIStatusBarStyle[sdk=iphonesimulator*]" = UIStatusBarStyleDefault;
				INFOPLIST_KEY_UISupportedInterfaceOrientations_iPad = "UIInterfaceOrientationPortrait UIInterfaceOrientationPortraitUpsideDown UIInterfaceOrientationLandscapeLeft UIInterfaceOrientationLandscapeRight";
				INFOPLIST_KEY_UISupportedInterfaceOrientations_iPhone = "UIInterfaceOrientationPortrait UIInterfaceOrientationLandscapeLeft UIInterfaceOrientationLandscapeRight";
				IPHONEOS_DEPLOYMENT_TARGET = 16.2;
				LD_RUNPATH_SEARCH_PATHS = "@executable_path/Frameworks";
				"LD_RUNPATH_SEARCH_PATHS[sdk=macosx*]" = "@executable_path/../Frameworks";
				MACOSX_DEPLOYMENT_TARGET = 13.1;
				MARKETING_VERSION = 1.0;
				PRODUCT_BUNDLE_IDENTIFIER = "jj-hobbs.testing";
				PRODUCT_NAME = "$(TARGET_NAME)";
				SDKROOT = auto;
				SUPPORTED_PLATFORMS = "iphoneos iphonesimulator macosx";
				SWIFT_EMIT_LOC_STRINGS = YES;
				SWIFT_VERSION = 5.0;
				TARGETED_DEVICE_FAMILY = "1,2";
			};
			name = Release;
		};
		08B3F0D529483A71008DBDCE /* Debug */ = {
			isa = XCBuildConfiguration;
			buildSettings = {
				ALWAYS_EMBED_SWIFT_STANDARD_LIBRARIES = YES;
				BUNDLE_LOADER = "$(TEST_HOST)";
				CODE_SIGN_STYLE = Automatic;
				CURRENT_PROJECT_VERSION = 1;
				GENERATE_INFOPLIST_FILE = YES;
				IPHONEOS_DEPLOYMENT_TARGET = 16.2;
				MACOSX_DEPLOYMENT_TARGET = 13.1;
				MARKETING_VERSION = 1.0;
				PRODUCT_BUNDLE_IDENTIFIER = "jj-hobbs.testingTests";
				PRODUCT_NAME = "$(TARGET_NAME)";
				SDKROOT = auto;
				SUPPORTED_PLATFORMS = "iphoneos iphonesimulator macosx";
				SWIFT_EMIT_LOC_STRINGS = NO;
				SWIFT_VERSION = 5.0;
				TARGETED_DEVICE_FAMILY = "1,2";
				TEST_HOST = "$(BUILT_PRODUCTS_DIR)/testing.app/$(BUNDLE_EXECUTABLE_FOLDER_PATH)/testing";
			};
			name = Debug;
		};
		08B3F0D629483A71008DBDCE /* Release */ = {
			isa = XCBuildConfiguration;
			buildSettings = {
				ALWAYS_EMBED_SWIFT_STANDARD_LIBRARIES = YES;
				BUNDLE_LOADER = "$(TEST_HOST)";
				CODE_SIGN_STYLE = Automatic;
				CURRENT_PROJECT_VERSION = 1;
				GENERATE_INFOPLIST_FILE = YES;
				IPHONEOS_DEPLOYMENT_TARGET = 16.2;
				MACOSX_DEPLOYMENT_TARGET = 13.1;
				MARKETING_VERSION = 1.0;
				PRODUCT_BUNDLE_IDENTIFIER = "jj-hobbs.testingTests";
				PRODUCT_NAME = "$(TARGET_NAME)";
				SDKROOT = auto;
				SUPPORTED_PLATFORMS = "iphoneos iphonesimulator macosx";
				SWIFT_EMIT_LOC_STRINGS = NO;
				SWIFT_VERSION = 5.0;
				TARGETED_DEVICE_FAMILY = "1,2";
				TEST_HOST = "$(BUILT_PRODUCTS_DIR)/testing.app/$(BUNDLE_EXECUTABLE_FOLDER_PATH)/testing";
			};
			name = Release;
		};
		08B3F0D829483A71008DBDCE /* Debug */ = {
			isa = XCBuildConfiguration;
			buildSettings = {
				ALWAYS_EMBED_SWIFT_STANDARD_LIBRARIES = YES;
				CODE_SIGN_STYLE = Automatic;
				CURRENT_PROJECT_VERSION = 1;
				GENERATE_INFOPLIST_FILE = YES;
				IPHONEOS_DEPLOYMENT_TARGET = 16.2;
				MACOSX_DEPLOYMENT_TARGET = 13.1;
				MARKETING_VERSION = 1.0;
				PRODUCT_BUNDLE_IDENTIFIER = "jj-hobbs.testingUITests";
				PRODUCT_NAME = "$(TARGET_NAME)";
				SDKROOT = auto;
				SUPPORTED_PLATFORMS = "iphoneos iphonesimulator macosx";
				SWIFT_EMIT_LOC_STRINGS = NO;
				SWIFT_VERSION = 5.0;
				TARGETED_DEVICE_FAMILY = "1,2";
				TEST_TARGET_NAME = testing;
			};
			name = Debug;
		};
		08B3F0D929483A71008DBDCE /* Release */ = {
			isa = XCBuildConfiguration;
			buildSettings = {
				ALWAYS_EMBED_SWIFT_STANDARD_LIBRARIES = YES;
				CODE_SIGN_STYLE = Automatic;
				CURRENT_PROJECT_VERSION = 1;
				GENERATE_INFOPLIST_FILE = YES;
				IPHONEOS_DEPLOYMENT_TARGET = 16.2;
				MACOSX_DEPLOYMENT_TARGET = 13.1;
				MARKETING_VERSION = 1.0;
				PRODUCT_BUNDLE_IDENTIFIER = "jj-hobbs.testingUITests";
				PRODUCT_NAME = "$(TARGET_NAME)";
				SDKROOT = auto;
				SUPPORTED_PLATFORMS = "iphoneos iphonesimulator macosx";
				SWIFT_EMIT_LOC_STRINGS = NO;
				SWIFT_VERSION = 5.0;
				TARGETED_DEVICE_FAMILY = "1,2";
				TEST_TARGET_NAME = testing;
			};
			name = Release;
		};
/* End XCBuildConfiguration section */

/* Begin XCConfigurationList section */
		08B3F0A729483A6E008DBDCE /* Build configuration list for PBXProject "testing" */ = {
			isa = XCConfigurationList;
			buildConfigurations = (
				08B3F0CF29483A71008DBDCE /* Debug */,
				08B3F0D029483A71008DBDCE /* Release */,
			);
			defaultConfigurationIsVisible = 0;
			defaultConfigurationName = Release;
		};
		08B3F0D129483A71008DBDCE /* Build configuration list for PBXNativeTarget "testing" */ = {
			isa = XCConfigurationList;
			buildConfigurations = (
				08B3F0D229483A71008DBDCE /* Debug */,
				08B3F0D329483A71008DBDCE /* Release */,
			);
			defaultConfigurationIsVisible = 0;
			defaultConfigurationName = Release;
		};
		08B3F0D429483A71008DBDCE /* Build configuration list for PBXNativeTarget "testingTests" */ = {
			isa = XCConfigurationList;
			buildConfigurations = (
				08B3F0D529483A71008DBDCE /* Debug */,
				08B3F0D629483A71008DBDCE /* Release */,
			);
			defaultConfigurationIsVisible = 0;
			defaultConfigurationName = Release;
		};
		08B3F0D729483A71008DBDCE /* Build configuration list for PBXNativeTarget "testingUITests" */ = {
			isa = XCConfigurationList;
			buildConfigurations = (
				08B3F0D829483A71008DBDCE /* Debug */,
				08B3F0D929483A71008DBDCE /* Release */,
			);
			defaultConfigurationIsVisible = 0;
			defaultConfigurationName = Release;
		};
/* End XCConfigurationList section */
	};
	rootObject = 08B3F0A429483A6E008DBDCE /* Project object */;
}
